
Microsoft Visual Studio Solution File, Format Version 12.00
# Visual Studio 2013
VisualStudioVersion = 12.0.30501.0
MinimumVisualStudioVersion = 10.0.40219.1
Project("{8BC9CEB8-8B4A-11D0-8D11-00A0C91BC942}") = "006_Zigzag_Conversion", "Zigzag_Conversion\Zigzag_Conversion.vcxproj", "{4DE6B2E3-ACAC-47C3-86B3-FD2DEB423027}"
EndProject
Project("{8BC9CEB8-8B4A-11D0-8D11-00A0C91BC942}") = "007_Reverse_Integer", "Reverse_Integer\Reverse_Integer.vcxproj", "{74565C3D-8B8F-4A91-8CAE-3E5005583DE4}"
EndProject
Project("{8BC9CEB8-8B4A-11D0-8D11-00A0C91BC942}") = "008_String_to_Integer", "String_to_Integer\String_to_Integer.vcxproj", "{9FD64B25-F43E-43A7-873B-DFBBA322FC2E}"
EndProject
Project("{8BC9CEB8-8B4A-11D0-8D11-00A0C91BC942}") = "009_Palindrome_Number", "9_Palindrome_Number\9_Palindrome_Number.vcxproj", "{23690163-FC89-408F-A0A0-8CF42312F2BB}"
EndProject
Project("{8BC9CEB8-8B4A-11D0-8D11-00A0C91BC942}") = "014_Longest_Common_Prefix", "014_Longest_Common_Prefix\014_Longest_Common_Prefix.vcxproj", "{B4E44699-28D9-438D-B0AB-45745C946264}"
EndProject
Project("{8BC9CEB8-8B4A-11D0-8D11-00A0C91BC942}") = "019_Remove_Nth_Node_From_End_of_List", "019_Remove_Nth_Node_From_End_of_List\019_Remove_Nth_Node_From_End_of_List.vcxproj", "{93F110D1-3016-4B62-95B0-6EAA04814BD5}"
EndProject
Project("{8BC9CEB8-8B4A-11D0-8D11-00A0C91BC942}") = "020_Valid_Parentheses", "020_Valid_Parentheses\020_Valid_Parentheses.vcxproj", "{274A1FD0-31D5-4AB3-9535-417852E5F38A}"
EndProject
Project("{8BC9CEB8-8B4A-11D0-8D11-00A0C91BC942}") = "021_Merge_Two_Sorted_Lists", "021_Merge_Two_Sorted_Lists\021_Merge_Two_Sorted_Lists.vcxproj", "{6787E070-A655-43F9-BEEC-D8D00A86C768}"
EndProject
Project("{8BC9CEB8-8B4A-11D0-8D11-00A0C91BC942}") = "026_Remove_Duplicates_from_Sorted_Array", "026_Remove_Duplicates_from_Sorted_Array\026_Remove_Duplicates_from_Sorted_Array.vcxproj", "{EE278307-CFB5-4950-9654-8CC6898E317E}"
EndProject
Project("{8BC9CEB8-8B4A-11D0-8D11-00A0C91BC942}") = "027_Remove_Element", "027_Remove_Element\027_Remove_Element.vcxproj", "{A08630D1-D1EA-4C35-A6F5-5A92A6FD613C}"
EndProject
Project("{8BC9CEB8-8B4A-11D0-8D11-00A0C91BC942}") = "028_Implement_strStr()", "028_Implement_strStr()\028_Implement_strStr().vcxproj", "{8C5C8101-BBB2-4832-864C-2E3920CBCAED}"
EndProject
Project("{8BC9CEB8-8B4A-11D0-8D11-00A0C91BC942}") = "036_Valid_Sudoku", "036_Valid_Sudoku\036_Valid_Sudoku.vcxproj", "{8F710BC8-A7AD-41DA-A0F2-FDC831368DDB}"
EndProject
Project("{8BC9CEB8-8B4A-11D0-8D11-00A0C91BC942}") = "038_Count_and_Say", "038_Count_and_Say\038_Count_and_Say.vcxproj", "{F0B64E32-075B-48B4-A337-004C7FF74108}"
EndProject
Project("{8BC9CEB8-8B4A-11D0-8D11-00A0C91BC942}") = "058_Length_of_Last_Word", "058_Length_of_Last_Word\058_Length_of_Last_Word.vcxproj", "{C4480C3E-F94F-49CF-B042-7AC2BA8FE1E4}"
EndProject
Project("{8BC9CEB8-8B4A-11D0-8D11-00A0C91BC942}") = "066_Plus_One", "066_Plus_One\066_Plus_One.vcxproj", "{017DF391-2927-4938-80BC-4B08DE944C5C}"
EndProject
Project("{8BC9CEB8-8B4A-11D0-8D11-00A0C91BC942}") = "067_Add_Binary", "067_Add_Binary\067_Add_Binary.vcxproj", "{4B890F22-0F35-4EB0-B76C-965606ACA3E8}"
EndProject
Project("{8BC9CEB8-8B4A-11D0-8D11-00A0C91BC942}") = "070_Climbing_Stairs", "070_Climbing_Stairs\070_Climbing_Stairs.vcxproj", "{5502A7D3-ED6E-4BB0-81C4-D4190F316CB4}"
EndProject
Project("{8BC9CEB8-8B4A-11D0-8D11-00A0C91BC942}") = "083_Remove_Duplicates_from_Sorted_List", "083_Remove_Duplicates_from_Sorted_List\083_Remove_Duplicates_from_Sorted_List.vcxproj", "{45B44497-D01C-4035-A24F-CBC1BC30CCD0}"
EndProject
Project("{8BC9CEB8-8B4A-11D0-8D11-00A0C91BC942}") = "088_Merge_Sorted_Array", "088_Merge_Sorted_Array\088_Merge_Sorted_Array.vcxproj", "{095C6982-DBD8-48A8-A2B4-E9F78A8780AB}"
EndProject
Project("{8BC9CEB8-8B4A-11D0-8D11-00A0C91BC942}") = "100_Same_Tree", "100_Same_Tree\100_Same_Tree.vcxproj", "{12E17A25-99D4-4981-B4AA-D100F4FB49C6}"
EndProject
Project("{8BC9CEB8-8B4A-11D0-8D11-00A0C91BC942}") = "101_Symmetric_Tree", "101_Symmetric_Tree\101_Symmetric_Tree.vcxproj", "{93CE26DC-CFE3-4B68-ACC0-341F6C6872F5}"
EndProject
Project("{8BC9CEB8-8B4A-11D0-8D11-00A0C91BC942}") = "102_Binary_Tree_Level_Order_Traversal", "102_Binary_Tree_Level_Order_Traversal\102_Binary_Tree_Level_Order_Traversal.vcxproj", "{46D4CB47-2D8E-43BB-ABD6-F7DE36FD8D0B}"
EndProject
Project("{8BC9CEB8-8B4A-11D0-8D11-00A0C91BC942}") = "104_Maximum_Depth_of_Binary_Tree", "104_Maximum_Depth_of_Binary_Tree\104_Maximum_Depth_of_Binary_Tree.vcxproj", "{CBA377D5-A3D0-457D-B8EC-D6218A1C50A4}"
EndProject
Project("{8BC9CEB8-8B4A-11D0-8D11-00A0C91BC942}") = "107_Binary_Tree_Level_Order_Traversal_II", "107_Binary_Tree_Level_Order_Traversal_II\107_Binary_Tree_Level_Order_Traversal_II.vcxproj", "{C2E40766-6B24-46D6-B86F-5A99C2B391FF}"
EndProject
Global
	GlobalSection(SolutionConfigurationPlatforms) = preSolution
		Debug|Win32 = Debug|Win32
		Release|Win32 = Release|Win32
	EndGlobalSection
	GlobalSection(ProjectConfigurationPlatforms) = postSolution
		{4DE6B2E3-ACAC-47C3-86B3-FD2DEB423027}.Debug|Win32.ActiveCfg = Debug|Win32
		{4DE6B2E3-ACAC-47C3-86B3-FD2DEB423027}.Debug|Win32.Build.0 = Debug|Win32
		{4DE6B2E3-ACAC-47C3-86B3-FD2DEB423027}.Release|Win32.ActiveCfg = Release|Win32
		{4DE6B2E3-ACAC-47C3-86B3-FD2DEB423027}.Release|Win32.Build.0 = Release|Win32
		{74565C3D-8B8F-4A91-8CAE-3E5005583DE4}.Debug|Win32.ActiveCfg = Debug|Win32
		{74565C3D-8B8F-4A91-8CAE-3E5005583DE4}.Debug|Win32.Build.0 = Debug|Win32
		{74565C3D-8B8F-4A91-8CAE-3E5005583DE4}.Release|Win32.ActiveCfg = Release|Win32
		{74565C3D-8B8F-4A91-8CAE-3E5005583DE4}.Release|Win32.Build.0 = Release|Win32
		{9FD64B25-F43E-43A7-873B-DFBBA322FC2E}.Debug|Win32.ActiveCfg = Debug|Win32
		{9FD64B25-F43E-43A7-873B-DFBBA322FC2E}.Debug|Win32.Build.0 = Debug|Win32
		{9FD64B25-F43E-43A7-873B-DFBBA322FC2E}.Release|Win32.ActiveCfg = Release|Win32
		{9FD64B25-F43E-43A7-873B-DFBBA322FC2E}.Release|Win32.Build.0 = Release|Win32
		{23690163-FC89-408F-A0A0-8CF42312F2BB}.Debug|Win32.ActiveCfg = Debug|Win32
		{23690163-FC89-408F-A0A0-8CF42312F2BB}.Debug|Win32.Build.0 = Debug|Win32
		{23690163-FC89-408F-A0A0-8CF42312F2BB}.Release|Win32.ActiveCfg = Release|Win32
		{23690163-FC89-408F-A0A0-8CF42312F2BB}.Release|Win32.Build.0 = Release|Win32
		{B4E44699-28D9-438D-B0AB-45745C946264}.Debug|Win32.ActiveCfg = Debug|Win32
		{B4E44699-28D9-438D-B0AB-45745C946264}.Debug|Win32.Build.0 = Debug|Win32
		{B4E44699-28D9-438D-B0AB-45745C946264}.Release|Win32.ActiveCfg = Release|Win32
		{B4E44699-28D9-438D-B0AB-45745C946264}.Release|Win32.Build.0 = Release|Win32
		{93F110D1-3016-4B62-95B0-6EAA04814BD5}.Debug|Win32.ActiveCfg = Debug|Win32
		{93F110D1-3016-4B62-95B0-6EAA04814BD5}.Debug|Win32.Build.0 = Debug|Win32
		{93F110D1-3016-4B62-95B0-6EAA04814BD5}.Release|Win32.ActiveCfg = Release|Win32
		{93F110D1-3016-4B62-95B0-6EAA04814BD5}.Release|Win32.Build.0 = Release|Win32
		{274A1FD0-31D5-4AB3-9535-417852E5F38A}.Debug|Win32.ActiveCfg = Debug|Win32
		{274A1FD0-31D5-4AB3-9535-417852E5F38A}.Debug|Win32.Build.0 = Debug|Win32
		{274A1FD0-31D5-4AB3-9535-417852E5F38A}.Release|Win32.ActiveCfg = Release|Win32
		{274A1FD0-31D5-4AB3-9535-417852E5F38A}.Release|Win32.Build.0 = Release|Win32
		{6787E070-A655-43F9-BEEC-D8D00A86C768}.Debug|Win32.ActiveCfg = Debug|Win32
		{6787E070-A655-43F9-BEEC-D8D00A86C768}.Debug|Win32.Build.0 = Debug|Win32
		{6787E070-A655-43F9-BEEC-D8D00A86C768}.Release|Win32.ActiveCfg = Release|Win32
		{6787E070-A655-43F9-BEEC-D8D00A86C768}.Release|Win32.Build.0 = Release|Win32
		{EE278307-CFB5-4950-9654-8CC6898E317E}.Debug|Win32.ActiveCfg = Debug|Win32
		{EE278307-CFB5-4950-9654-8CC6898E317E}.Debug|Win32.Build.0 = Debug|Win32
		{EE278307-CFB5-4950-9654-8CC6898E317E}.Release|Win32.ActiveCfg = Release|Win32
		{EE278307-CFB5-4950-9654-8CC6898E317E}.Release|Win32.Build.0 = Release|Win32
		{A08630D1-D1EA-4C35-A6F5-5A92A6FD613C}.Debug|Win32.ActiveCfg = Debug|Win32
		{A08630D1-D1EA-4C35-A6F5-5A92A6FD613C}.Debug|Win32.Build.0 = Debug|Win32
		{A08630D1-D1EA-4C35-A6F5-5A92A6FD613C}.Release|Win32.ActiveCfg = Release|Win32
		{A08630D1-D1EA-4C35-A6F5-5A92A6FD613C}.Release|Win32.Build.0 = Release|Win32
		{8C5C8101-BBB2-4832-864C-2E3920CBCAED}.Debug|Win32.ActiveCfg = Debug|Win32
		{8C5C8101-BBB2-4832-864C-2E3920CBCAED}.Debug|Win32.Build.0 = Debug|Win32
		{8C5C8101-BBB2-4832-864C-2E3920CBCAED}.Release|Win32.ActiveCfg = Release|Win32
		{8C5C8101-BBB2-4832-864C-2E3920CBCAED}.Release|Win32.Build.0 = Release|Win32
		{8F710BC8-A7AD-41DA-A0F2-FDC831368DDB}.Debug|Win32.ActiveCfg = Debug|Win32
		{8F710BC8-A7AD-41DA-A0F2-FDC831368DDB}.Debug|Win32.Build.0 = Debug|Win32
		{8F710BC8-A7AD-41DA-A0F2-FDC831368DDB}.Release|Win32.ActiveCfg = Release|Win32
		{8F710BC8-A7AD-41DA-A0F2-FDC831368DDB}.Release|Win32.Build.0 = Release|Win32
		{F0B64E32-075B-48B4-A337-004C7FF74108}.Debug|Win32.ActiveCfg = Debug|Win32
		{F0B64E32-075B-48B4-A337-004C7FF74108}.Debug|Win32.Build.0 = Debug|Win32
		{F0B64E32-075B-48B4-A337-004C7FF74108}.Release|Win32.ActiveCfg = Release|Win32
		{F0B64E32-075B-48B4-A337-004C7FF74108}.Release|Win32.Build.0 = Release|Win32
		{C4480C3E-F94F-49CF-B042-7AC2BA8FE1E4}.Debug|Win32.ActiveCfg = Debug|Win32
		{C4480C3E-F94F-49CF-B042-7AC2BA8FE1E4}.Debug|Win32.Build.0 = Debug|Win32
		{C4480C3E-F94F-49CF-B042-7AC2BA8FE1E4}.Release|Win32.ActiveCfg = Release|Win32
		{C4480C3E-F94F-49CF-B042-7AC2BA8FE1E4}.Release|Win32.Build.0 = Release|Win32
		{017DF391-2927-4938-80BC-4B08DE944C5C}.Debug|Win32.ActiveCfg = Debug|Win32
		{017DF391-2927-4938-80BC-4B08DE944C5C}.Debug|Win32.Build.0 = Debug|Win32
		{017DF391-2927-4938-80BC-4B08DE944C5C}.Release|Win32.ActiveCfg = Release|Win32
		{017DF391-2927-4938-80BC-4B08DE944C5C}.Release|Win32.Build.0 = Release|Win32
		{4B890F22-0F35-4EB0-B76C-965606ACA3E8}.Debug|Win32.ActiveCfg = Debug|Win32
		{4B890F22-0F35-4EB0-B76C-965606ACA3E8}.Debug|Win32.Build.0 = Debug|Win32
		{4B890F22-0F35-4EB0-B76C-965606ACA3E8}.Release|Win32.ActiveCfg = Release|Win32
		{4B890F22-0F35-4EB0-B76C-965606ACA3E8}.Release|Win32.Build.0 = Release|Win32
		{5502A7D3-ED6E-4BB0-81C4-D4190F316CB4}.Debug|Win32.ActiveCfg = Debug|Win32
		{5502A7D3-ED6E-4BB0-81C4-D4190F316CB4}.Debug|Win32.Build.0 = Debug|Win32
		{5502A7D3-ED6E-4BB0-81C4-D4190F316CB4}.Release|Win32.ActiveCfg = Release|Win32
		{5502A7D3-ED6E-4BB0-81C4-D4190F316CB4}.Release|Win32.Build.0 = Release|Win32
		{45B44497-D01C-4035-A24F-CBC1BC30CCD0}.Debug|Win32.ActiveCfg = Debug|Win32
		{45B44497-D01C-4035-A24F-CBC1BC30CCD0}.Debug|Win32.Build.0 = Debug|Win32
		{45B44497-D01C-4035-A24F-CBC1BC30CCD0}.Release|Win32.ActiveCfg = Release|Win32
		{45B44497-D01C-4035-A24F-CBC1BC30CCD0}.Release|Win32.Build.0 = Release|Win32
		{095C6982-DBD8-48A8-A2B4-E9F78A8780AB}.Debug|Win32.ActiveCfg = Debug|Win32
		{095C6982-DBD8-48A8-A2B4-E9F78A8780AB}.Debug|Win32.Build.0 = Debug|Win32
		{095C6982-DBD8-48A8-A2B4-E9F78A8780AB}.Release|Win32.ActiveCfg = Release|Win32
		{095C6982-DBD8-48A8-A2B4-E9F78A8780AB}.Release|Win32.Build.0 = Release|Win32
		{12E17A25-99D4-4981-B4AA-D100F4FB49C6}.Debug|Win32.ActiveCfg = Debug|Win32
		{12E17A25-99D4-4981-B4AA-D100F4FB49C6}.Debug|Win32.Build.0 = Debug|Win32
		{12E17A25-99D4-4981-B4AA-D100F4FB49C6}.Release|Win32.ActiveCfg = Release|Win32
		{12E17A25-99D4-4981-B4AA-D100F4FB49C6}.Release|Win32.Build.0 = Release|Win32
		{93CE26DC-CFE3-4B68-ACC0-341F6C6872F5}.Debug|Win32.ActiveCfg = Debug|Win32
		{93CE26DC-CFE3-4B68-ACC0-341F6C6872F5}.Debug|Win32.Build.0 = Debug|Win32
		{93CE26DC-CFE3-4B68-ACC0-341F6C6872F5}.Release|Win32.ActiveCfg = Release|Win32
		{93CE26DC-CFE3-4B68-ACC0-341F6C6872F5}.Release|Win32.Build.0 = Release|Win32
		{46D4CB47-2D8E-43BB-ABD6-F7DE36FD8D0B}.Debug|Win32.ActiveCfg = Debug|Win32
		{46D4CB47-2D8E-43BB-ABD6-F7DE36FD8D0B}.Debug|Win32.Build.0 = Debug|Win32
		{46D4CB47-2D8E-43BB-ABD6-F7DE36FD8D0B}.Release|Win32.ActiveCfg = Release|Win32
		{46D4CB47-2D8E-43BB-ABD6-F7DE36FD8D0B}.Release|Win32.Build.0 = Release|Win32
		{CBA377D5-A3D0-457D-B8EC-D6218A1C50A4}.Debug|Win32.ActiveCfg = Debug|Win32
		{CBA377D5-A3D0-457D-B8EC-D6218A1C50A4}.Debug|Win32.Build.0 = Debug|Win32
		{CBA377D5-A3D0-457D-B8EC-D6218A1C50A4}.Release|Win32.ActiveCfg = Release|Win32
		{CBA377D5-A3D0-457D-B8EC-D6218A1C50A4}.Release|Win32.Build.0 = Release|Win32
		{C2E40766-6B24-46D6-B86F-5A99C2B391FF}.Debug|Win32.ActiveCfg = Debug|Win32
		{C2E40766-6B24-46D6-B86F-5A99C2B391FF}.Debug|Win32.Build.0 = Debug|Win32
		{C2E40766-6B24-46D6-B86F-5A99C2B391FF}.Release|Win32.ActiveCfg = Release|Win32
		{C2E40766-6B24-46D6-B86F-5A99C2B391FF}.Release|Win32.Build.0 = Release|Win32
	EndGlobalSection
	GlobalSection(SolutionProperties) = preSolution
		HideSolutionNode = FALSE
	EndGlobalSection
EndGlobal
